{
  "name": "sub1",
  "version": "1.0.0",
  "lockfileVersion": 1,
  "requires": true,
  "dependencies": {
    "cheetah-grid": {
      "version": "0.5.0",
      "resolved": "https://registry.npmjs.org/cheetah-grid/-/cheetah-grid-0.5.0.tgz",
      "integrity": "sha512-D3zfYov85tRFIyyIv0Q5lA3iwA2GNUKuKa25cV9U+ZqAujBzxJQPuPOzow71VfP80JUVWpOxY/36cijSs3yuMw==",
      "requires": {
        "xmldom": "0.1.27"
      }
    },
    "xmldom": {
      "version": "0.1.27",
      "resolved": "https://registry.npmjs.org/xmldom/-/xmldom-0.1.27.tgz",
      "integrity": "sha1-1QH5ezvbQDr4757MIFcxh6rawOk="
    }
  }
}
